
Microsoft Visual Studio Solution File, Format Version 12.00
# Visual Studio Version 17
VisualStudioVersion = 17.5.002.0
MinimumVisualStudioVersion = 10.0.40219.1
Project("{2150E333-8FDC-42A3-9474-1A3956D46DE8}") = "csharp-prep", "csharp-prep", "{D7ED0168-2D1F-459A-A363-1C4A81A4CB4D}"
EndProject
Project("{9A19103F-16F7-4668-BE54-9A1E7A4F7556}") = "Prep1", "csharp-prep\Prep1\Prep1.csproj", "{976B129C-E5EB-4BEB-A62F-8A5B458921C6}"
EndProject
Project("{9A19103F-16F7-4668-BE54-9A1E7A4F7556}") = "Prep2", "csharp-prep\Prep2\Prep2.csproj", "{FBC37C87-02B7-4934-89A1-668B8C701560}"
EndProject
Project("{9A19103F-16F7-4668-BE54-9A1E7A4F7556}") = "Prep3", "csharp-prep\Prep3\Prep3.csproj", "{9119BB80-A60A-4A2A-AB22-69296F73CADB}"
EndProject
Project("{9A19103F-16F7-4668-BE54-9A1E7A4F7556}") = "Prep4", "csharp-prep\Prep4\Prep4.csproj", "{8DEBA4B5-39F4-4436-8AD2-D1EF34CF14E4}"
EndProject
Project("{9A19103F-16F7-4668-BE54-9A1E7A4F7556}") = "Prep5", "csharp-prep\Prep5\Prep5.csproj", "{F3F06D1A-B585-460F-829D-58EE73FEF16B}"
EndProject
Project("{2150E333-8FDC-42A3-9474-1A3956D46DE8}") = "final", "final", "{A46C137F-BC0A-4CD6-9412-F5F81F4F99F4}"
EndProject
Project("{9A19103F-16F7-4668-BE54-9A1E7A4F7556}") = "FinalProject", "final\FinalProject\FinalProject.csproj", "{6DF7744D-7A71-41E7-B95B-D660B654EA03}"
EndProject
Project("{9A19103F-16F7-4668-BE54-9A1E7A4F7556}") = "Foundation1", "final\Foundation1\Foundation1.csproj", "{2C52B34F-9577-4835-B387-7759A8F7600F}"
EndProject
Project("{9A19103F-16F7-4668-BE54-9A1E7A4F7556}") = "Foundation2", "final\Foundation2\Foundation2.csproj", "{7DC568AA-3022-4565-97C1-43F238B8DFD0}"
EndProject
Project("{9A19103F-16F7-4668-BE54-9A1E7A4F7556}") = "Foundation3", "final\Foundation3\Foundation3.csproj", "{03302E44-1084-4847-BEAF-BEDC509ED035}"
EndProject
Project("{9A19103F-16F7-4668-BE54-9A1E7A4F7556}") = "Foundation4", "final\Foundation4\Foundation4.csproj", "{2DE99353-A2AF-4685-A97F-7875D77170CA}"
EndProject
Project("{2150E333-8FDC-42A3-9474-1A3956D46DE8}") = "prepare", "prepare", "{EF061F27-8089-4DD6-A949-8CC80DB5479B}"
EndProject
Project("{9A19103F-16F7-4668-BE54-9A1E7A4F7556}") = "Learning02", "prepare\Learning02\Learning02.csproj", "{0CD7E507-6D02-42FD-BED2-9AF394B456FA}"
EndProject
Project("{9A19103F-16F7-4668-BE54-9A1E7A4F7556}") = "Learning03", "prepare\Learning03\Learning03.csproj", "{0F61D53A-EC9E-47B9-A62D-151A441A7914}"
EndProject
Project("{9A19103F-16F7-4668-BE54-9A1E7A4F7556}") = "Learning04", "prepare\Learning04\Learning04.csproj", "{72B9E3ED-CE76-404B-ABEB-1101C2868723}"
EndProject
Project("{9A19103F-16F7-4668-BE54-9A1E7A4F7556}") = "Learning05", "prepare\Learning05\Learning05.csproj", "{C1116D11-46CB-4CA4-9FA4-B52F74573759}"
EndProject
Project("{2150E333-8FDC-42A3-9474-1A3956D46DE8}") = "prove", "prove", "{70DDD0D7-5215-43BB-B0BF-E0A6B89F2AC2}"
EndProject
Project("{9A19103F-16F7-4668-BE54-9A1E7A4F7556}") = "Develop02", "prove\Develop02\Develop02.csproj", "{18805AC0-504E-4411-91AA-BB2ADFECC38D}"
EndProject
Project("{9A19103F-16F7-4668-BE54-9A1E7A4F7556}") = "Develop03", "prove\Develop03\Develop03.csproj", "{0A01F994-AB13-41B1-8789-4EBE6B16228C}"
EndProject
Project("{9A19103F-16F7-4668-BE54-9A1E7A4F7556}") = "Develop04", "prove\Develop04\Develop04.csproj", "{838661AB-4A68-45B8-9722-D0D5C6C2A34B}"
EndProject
Project("{9A19103F-16F7-4668-BE54-9A1E7A4F7556}") = "Develop05", "prove\Develop05\Develop05.csproj", "{36E3D37E-54AD-42DB-BC79-AC5EBA3811AE}"
EndProject
Project("{2150E333-8FDC-42A3-9474-1A3956D46DE8}") = "sandbox", "sandbox", "{D7844EAD-BDB6-4B15-B8FE-2C372EF6277A}"
EndProject
Project("{9A19103F-16F7-4668-BE54-9A1E7A4F7556}") = "Sandbox", "sandbox\Sandbox\Sandbox.csproj", "{C252E695-0806-4CE4-8527-4F48E6858CCE}"
EndProject
Global
	GlobalSection(SolutionConfigurationPlatforms) = preSolution
		Debug|Any CPU = Debug|Any CPU
		Release|Any CPU = Release|Any CPU
	EndGlobalSection
	GlobalSection(ProjectConfigurationPlatforms) = postSolution
		{976B129C-E5EB-4BEB-A62F-8A5B458921C6}.Debug|Any CPU.ActiveCfg = Debug|Any CPU
		{976B129C-E5EB-4BEB-A62F-8A5B458921C6}.Debug|Any CPU.Build.0 = Debug|Any CPU
		{976B129C-E5EB-4BEB-A62F-8A5B458921C6}.Release|Any CPU.ActiveCfg = Release|Any CPU
		{976B129C-E5EB-4BEB-A62F-8A5B458921C6}.Release|Any CPU.Build.0 = Release|Any CPU
		{FBC37C87-02B7-4934-89A1-668B8C701560}.Debug|Any CPU.ActiveCfg = Debug|Any CPU
		{FBC37C87-02B7-4934-89A1-668B8C701560}.Debug|Any CPU.Build.0 = Debug|Any CPU
		{FBC37C87-02B7-4934-89A1-668B8C701560}.Release|Any CPU.ActiveCfg = Release|Any CPU
		{FBC37C87-02B7-4934-89A1-668B8C701560}.Release|Any CPU.Build.0 = Release|Any CPU
		{9119BB80-A60A-4A2A-AB22-69296F73CADB}.Debug|Any CPU.ActiveCfg = Debug|Any CPU
		{9119BB80-A60A-4A2A-AB22-69296F73CADB}.Debug|Any CPU.Build.0 = Debug|Any CPU
		{9119BB80-A60A-4A2A-AB22-69296F73CADB}.Release|Any CPU.ActiveCfg = Release|Any CPU
		{9119BB80-A60A-4A2A-AB22-69296F73CADB}.Release|Any CPU.Build.0 = Release|Any CPU
		{8DEBA4B5-39F4-4436-8AD2-D1EF34CF14E4}.Debug|Any CPU.ActiveCfg = Debug|Any CPU
		{8DEBA4B5-39F4-4436-8AD2-D1EF34CF14E4}.Debug|Any CPU.Build.0 = Debug|Any CPU
		{8DEBA4B5-39F4-4436-8AD2-D1EF34CF14E4}.Release|Any CPU.ActiveCfg = Release|Any CPU
		{8DEBA4B5-39F4-4436-8AD2-D1EF34CF14E4}.Release|Any CPU.Build.0 = Release|Any CPU
		{F3F06D1A-B585-460F-829D-58EE73FEF16B}.Debug|Any CPU.ActiveCfg = Debug|Any CPU
		{F3F06D1A-B585-460F-829D-58EE73FEF16B}.Debug|Any CPU.Build.0 = Debug|Any CPU
		{F3F06D1A-B585-460F-829D-58EE73FEF16B}.Release|Any CPU.ActiveCfg = Release|Any CPU
		{F3F06D1A-B585-460F-829D-58EE73FEF16B}.Release|Any CPU.Build.0 = Release|Any CPU
		{6DF7744D-7A71-41E7-B95B-D660B654EA03}.Debug|Any CPU.ActiveCfg = Debug|Any CPU
		{6DF7744D-7A71-41E7-B95B-D660B654EA03}.Debug|Any CPU.Build.0 = Debug|Any CPU
		{6DF7744D-7A71-41E7-B95B-D660B654EA03}.Release|Any CPU.ActiveCfg = Release|Any CPU
		{6DF7744D-7A71-41E7-B95B-D660B654EA03}.Release|Any CPU.Build.0 = Release|Any CPU
		{2C52B34F-9577-4835-B387-7759A8F7600F}.Debug|Any CPU.ActiveCfg = Debug|Any CPU
		{2C52B34F-9577-4835-B387-7759A8F7600F}.Debug|Any CPU.Build.0 = Debug|Any CPU
		{2C52B34F-9577-4835-B387-7759A8F7600F}.Release|Any CPU.ActiveCfg = Release|Any CPU
		{2C52B34F-9577-4835-B387-7759A8F7600F}.Release|Any CPU.Build.0 = Release|Any CPU
		{7DC568AA-3022-4565-97C1-43F238B8DFD0}.Debug|Any CPU.ActiveCfg = Debug|Any CPU
		{7DC568AA-3022-4565-97C1-43F238B8DFD0}.Debug|Any CPU.Build.0 = Debug|Any CPU
		{7DC568AA-3022-4565-97C1-43F238B8DFD0}.Release|Any CPU.ActiveCfg = Release|Any CPU
		{7DC568AA-3022-4565-97C1-43F238B8DFD0}.Release|Any CPU.Build.0 = Release|Any CPU
		{03302E44-1084-4847-BEAF-BEDC509ED035}.Debug|Any CPU.ActiveCfg = Debug|Any CPU
		{03302E44-1084-4847-BEAF-BEDC509ED035}.Debug|Any CPU.Build.0 = Debug|Any CPU
		{03302E44-1084-4847-BEAF-BEDC509ED035}.Release|Any CPU.ActiveCfg = Release|Any CPU
		{03302E44-1084-4847-BEAF-BEDC509ED035}.Release|Any CPU.Build.0 = Release|Any CPU
		{2DE99353-A2AF-4685-A97F-7875D77170CA}.Debug|Any CPU.ActiveCfg = Debug|Any CPU
		{2DE99353-A2AF-4685-A97F-7875D77170CA}.Debug|Any CPU.Build.0 = Debug|Any CPU
		{2DE99353-A2AF-4685-A97F-7875D77170CA}.Release|Any CPU.ActiveCfg = Release|Any CPU
		{2DE99353-A2AF-4685-A97F-7875D77170CA}.Release|Any CPU.Build.0 = Release|Any CPU
		{0CD7E507-6D02-42FD-BED2-9AF394B456FA}.Debug|Any CPU.ActiveCfg = Debug|Any CPU
		{0CD7E507-6D02-42FD-BED2-9AF394B456FA}.Debug|Any CPU.Build.0 = Debug|Any CPU
		{0CD7E507-6D02-42FD-BED2-9AF394B456FA}.Release|Any CPU.ActiveCfg = Release|Any CPU
		{0CD7E507-6D02-42FD-BED2-9AF394B456FA}.Release|Any CPU.Build.0 = Release|Any CPU
		{0F61D53A-EC9E-47B9-A62D-151A441A7914}.Debug|Any CPU.ActiveCfg = Debug|Any CPU
		{0F61D53A-EC9E-47B9-A62D-151A441A7914}.Debug|Any CPU.Build.0 = Debug|Any CPU
		{0F61D53A-EC9E-47B9-A62D-151A441A7914}.Release|Any CPU.ActiveCfg = Release|Any CPU
		{0F61D53A-EC9E-47B9-A62D-151A441A7914}.Release|Any CPU.Build.0 = Release|Any CPU
		{72B9E3ED-CE76-404B-ABEB-1101C2868723}.Debug|Any CPU.ActiveCfg = Debug|Any CPU
		{72B9E3ED-CE76-404B-ABEB-1101C2868723}.Debug|Any CPU.Build.0 = Debug|Any CPU
		{72B9E3ED-CE76-404B-ABEB-1101C2868723}.Release|Any CPU.ActiveCfg = Release|Any CPU
		{72B9E3ED-CE76-404B-ABEB-1101C2868723}.Release|Any CPU.Build.0 = Release|Any CPU
		{C1116D11-46CB-4CA4-9FA4-B52F74573759}.Debug|Any CPU.ActiveCfg = Debug|Any CPU
		{C1116D11-46CB-4CA4-9FA4-B52F74573759}.Debug|Any CPU.Build.0 = Debug|Any CPU
		{C1116D11-46CB-4CA4-9FA4-B52F74573759}.Release|Any CPU.ActiveCfg = Release|Any CPU
		{C1116D11-46CB-4CA4-9FA4-B52F74573759}.Release|Any CPU.Build.0 = Release|Any CPU
		{18805AC0-504E-4411-91AA-BB2ADFECC38D}.Debug|Any CPU.ActiveCfg = Debug|Any CPU
		{18805AC0-504E-4411-91AA-BB2ADFECC38D}.Debug|Any CPU.Build.0 = Debug|Any CPU
		{18805AC0-504E-4411-91AA-BB2ADFECC38D}.Release|Any CPU.ActiveCfg = Release|Any CPU
		{18805AC0-504E-4411-91AA-BB2ADFECC38D}.Release|Any CPU.Build.0 = Release|Any CPU
		{0A01F994-AB13-41B1-8789-4EBE6B16228C}.Debug|Any CPU.ActiveCfg = Debug|Any CPU
		{0A01F994-AB13-41B1-8789-4EBE6B16228C}.Debug|Any CPU.Build.0 = Debug|Any CPU
		{0A01F994-AB13-41B1-8789-4EBE6B16228C}.Release|Any CPU.ActiveCfg = Release|Any CPU
		{0A01F994-AB13-41B1-8789-4EBE6B16228C}.Release|Any CPU.Build.0 = Release|Any CPU
		{838661AB-4A68-45B8-9722-D0D5C6C2A34B}.Debug|Any CPU.ActiveCfg = Debug|Any CPU
		{838661AB-4A68-45B8-9722-D0D5C6C2A34B}.Debug|Any CPU.Build.0 = Debug|Any CPU
		{838661AB-4A68-45B8-9722-D0D5C6C2A34B}.Release|Any CPU.ActiveCfg = Release|Any CPU
		{838661AB-4A68-45B8-9722-D0D5C6C2A34B}.Release|Any CPU.Build.0 = Release|Any CPU
		{36E3D37E-54AD-42DB-BC79-AC5EBA3811AE}.Debug|Any CPU.ActiveCfg = Debug|Any CPU
		{36E3D37E-54AD-42DB-BC79-AC5EBA3811AE}.Debug|Any CPU.Build.0 = Debug|Any CPU
		{36E3D37E-54AD-42DB-BC79-AC5EBA3811AE}.Release|Any CPU.ActiveCfg = Release|Any CPU
		{36E3D37E-54AD-42DB-BC79-AC5EBA3811AE}.Release|Any CPU.Build.0 = Release|Any CPU
		{C252E695-0806-4CE4-8527-4F48E6858CCE}.Debug|Any CPU.ActiveCfg = Debug|Any CPU
		{C252E695-0806-4CE4-8527-4F48E6858CCE}.Debug|Any CPU.Build.0 = Debug|Any CPU
		{C252E695-0806-4CE4-8527-4F48E6858CCE}.Release|Any CPU.ActiveCfg = Release|Any CPU
		{C252E695-0806-4CE4-8527-4F48E6858CCE}.Release|Any CPU.Build.0 = Release|Any CPU
	EndGlobalSection
	GlobalSection(SolutionProperties) = preSolution
		HideSolutionNode = FALSE
	EndGlobalSection
	GlobalSection(NestedProjects) = preSolution
		{976B129C-E5EB-4BEB-A62F-8A5B458921C6} = {D7ED0168-2D1F-459A-A363-1C4A81A4CB4D}
		{FBC37C87-02B7-4934-89A1-668B8C701560} = {D7ED0168-2D1F-459A-A363-1C4A81A4CB4D}
		{9119BB80-A60A-4A2A-AB22-69296F73CADB} = {D7ED0168-2D1F-459A-A363-1C4A81A4CB4D}
		{8DEBA4B5-39F4-4436-8AD2-D1EF34CF14E4} = {D7ED0168-2D1F-459A-A363-1C4A81A4CB4D}
		{F3F06D1A-B585-460F-829D-58EE73FEF16B} = {D7ED0168-2D1F-459A-A363-1C4A81A4CB4D}
		{6DF7744D-7A71-41E7-B95B-D660B654EA03} = {A46C137F-BC0A-4CD6-9412-F5F81F4F99F4}
		{2C52B34F-9577-4835-B387-7759A8F7600F} = {A46C137F-BC0A-4CD6-9412-F5F81F4F99F4}
		{7DC568AA-3022-4565-97C1-43F238B8DFD0} = {A46C137F-BC0A-4CD6-9412-F5F81F4F99F4}
		{03302E44-1084-4847-BEAF-BEDC509ED035} = {A46C137F-BC0A-4CD6-9412-F5F81F4F99F4}
		{2DE99353-A2AF-4685-A97F-7875D77170CA} = {A46C137F-BC0A-4CD6-9412-F5F81F4F99F4}
		{0CD7E507-6D02-42FD-BED2-9AF394B456FA} = {EF061F27-8089-4DD6-A949-8CC80DB5479B}
		{0F61D53A-EC9E-47B9-A62D-151A441A7914} = {EF061F27-8089-4DD6-A949-8CC80DB5479B}
		{72B9E3ED-CE76-404B-ABEB-1101C2868723} = {EF061F27-8089-4DD6-A949-8CC80DB5479B}
		{C1116D11-46CB-4CA4-9FA4-B52F74573759} = {EF061F27-8089-4DD6-A949-8CC80DB5479B}
		{18805AC0-504E-4411-91AA-BB2ADFECC38D} = {70DDD0D7-5215-43BB-B0BF-E0A6B89F2AC2}
		{0A01F994-AB13-41B1-8789-4EBE6B16228C} = {70DDD0D7-5215-43BB-B0BF-E0A6B89F2AC2}
		{838661AB-4A68-45B8-9722-D0D5C6C2A34B} = {70DDD0D7-5215-43BB-B0BF-E0A6B89F2AC2}
		{36E3D37E-54AD-42DB-BC79-AC5EBA3811AE} = {70DDD0D7-5215-43BB-B0BF-E0A6B89F2AC2}
		{C252E695-0806-4CE4-8527-4F48E6858CCE} = {D7844EAD-BDB6-4B15-B8FE-2C372EF6277A}
	EndGlobalSection
	GlobalSection(ExtensibilityGlobals) = postSolution
		SolutionGuid = {1F1314B5-C841-4CEA-B62D-79DFE1E1A4C4}
	EndGlobalSection
EndGlobal
